
Microsoft Visual Studio Solution File, Format Version 12.00
# Visual Studio Version 16
VisualStudioVersion = 16.0.31727.386
MinimumVisualStudioVersion = 10.0.40219.1
Project("{FAE04EC0-301F-11D3-BF4B-00C04F79EFBC}") = "ConsoleApp3", "ConsoleApp3\ConsoleApp3.csproj", "{C7E2E178-10D2-40CE-864B-0AAF515FBCEA}"
EndProject
Global
	GlobalSection(SolutionConfigurationPlatforms) = preSolution
		Debug|Any CPU = Debug|Any CPU
		Release|Any CPU = Release|Any CPU
	EndGlobalSection
	GlobalSection(ProjectConfigurationPlatforms) = postSolution
		{C7E2E178-10D2-40CE-864B-0AAF515FBCEA}.Debug|Any CPU.ActiveCfg = Debug|Any CPU
		{C7E2E178-10D2-40CE-864B-0AAF515FBCEA}.Debug|Any CPU.Build.0 = Debug|Any CPU
		{C7E2E178-10D2-40CE-864B-0AAF515FBCEA}.Release|Any CPU.ActiveCfg = Release|Any CPU
		{C7E2E178-10D2-40CE-864B-0AAF515FBCEA}.Release|Any CPU.Build.0 = Release|Any CPU
	EndGlobalSection
	GlobalSection(SolutionProperties) = preSolution
		HideSolutionNode = FALSE
	EndGlobalSection
	GlobalSection(ExtensibilityGlobals) = postSolution
		SolutionGuid = {4C6CC41B-7FD8-478D-92DD-266DE5DC88BF}
	EndGlobalSection
EndGlobal
